// !$*UTF8*$!
{
	archiveVersion = 1;
	classes = {
	};
	objectVersion = 50;
	objects = {

/* Begin PBXBuildFile section */
		1E1C22F69BAB84413E853590 /* Pods_PantryPal_iOSUITests.framework in Frameworks */ = {isa = PBXBuildFile; fileRef = AAEA73141911CBF70A982D9C /* Pods_PantryPal_iOSUITests.framework */; };
		6344AC017992C61C05B78126 /* Pods_PantryPal_iOSTests.framework in Frameworks */ = {isa = PBXBuildFile; fileRef = D23F568A88D0D079B58DC933 /* Pods_PantryPal_iOSTests.framework */; };
		9C249E83217BA88D00121E50 /* AppDelegate.swift in Sources */ = {isa = PBXBuildFile; fileRef = 9C249E82217BA88D00121E50 /* AppDelegate.swift */; };
		9C249E85217BA88D00121E50 /* MainViewController.swift in Sources */ = {isa = PBXBuildFile; fileRef = 9C249E84217BA88D00121E50 /* MainViewController.swift */; };
		9C249E88217BA88D00121E50 /* Main.storyboard in Resources */ = {isa = PBXBuildFile; fileRef = 9C249E86217BA88D00121E50 /* Main.storyboard */; };
		9C249E8A217BA88E00121E50 /* Assets.xcassets in Resources */ = {isa = PBXBuildFile; fileRef = 9C249E89217BA88E00121E50 /* Assets.xcassets */; };
		9C249E8D217BA88E00121E50 /* LaunchScreen.storyboard in Resources */ = {isa = PBXBuildFile; fileRef = 9C249E8B217BA88E00121E50 /* LaunchScreen.storyboard */; };
		9C249E98217BA88E00121E50 /* PantryPal_iOSTests.swift in Sources */ = {isa = PBXBuildFile; fileRef = 9C249E97217BA88E00121E50 /* PantryPal_iOSTests.swift */; };
		9C249EA3217BA88E00121E50 /* PantryPal_iOSUITests.swift in Sources */ = {isa = PBXBuildFile; fileRef = 9C249EA2217BA88E00121E50 /* PantryPal_iOSUITests.swift */; };
		9C249EB5217BAAF200121E50 /* PantryPalApi.swift in Sources */ = {isa = PBXBuildFile; fileRef = 9C249EB4217BAAF200121E50 /* PantryPalApi.swift */; };
		9C605CE3217BB0460000C100 /* PoolApi.swift in Sources */ = {isa = PBXBuildFile; fileRef = 9C605CE2217BB0460000C100 /* PoolApi.swift */; };
		9C605CE5217BB0E00000C100 /* Config.swift in Sources */ = {isa = PBXBuildFile; fileRef = 9C605CE4217BB0E00000C100 /* Config.swift */; };
		9C605CE7217BB1890000C100 /* PoolResource.swift in Sources */ = {isa = PBXBuildFile; fileRef = 9C605CE6217BB1890000C100 /* PoolResource.swift */; };
		9C605CEA217BB76C0000C100 /* Response+Marshal.swift in Sources */ = {isa = PBXBuildFile; fileRef = 9C605CE9217BB76C0000C100 /* Response+Marshal.swift */; };
		9C605CEC217BC1E20000C100 /* TierResource.swift in Sources */ = {isa = PBXBuildFile; fileRef = 9C605CEB217BC1E20000C100 /* TierResource.swift */; };
		9C605CF0217BC7E20000C100 /* Debouncer.swift in Sources */ = {isa = PBXBuildFile; fileRef = 9C605CEF217BC7E20000C100 /* Debouncer.swift */; };
		9C605CF2217BCFCB0000C100 /* UIViewController+Navigate.swift in Sources */ = {isa = PBXBuildFile; fileRef = 9C605CF1217BCFCB0000C100 /* UIViewController+Navigate.swift */; };
		9C605CF4217BD01A0000C100 /* TabViewController.swift in Sources */ = {isa = PBXBuildFile; fileRef = 9C605CF3217BD01A0000C100 /* TabViewController.swift */; };
		9C605CF6217BD03C0000C100 /* Tab.storyboard in Resources */ = {isa = PBXBuildFile; fileRef = 9C605CF5217BD03C0000C100 /* Tab.storyboard */; };
		9C605CF8217BD0FE0000C100 /* UIImage+Asset.swift in Sources */ = {isa = PBXBuildFile; fileRef = 9C605CF7217BD0FE0000C100 /* UIImage+Asset.swift */; };
		9C605CFA217BD2400000C100 /* HomeViewController.swift in Sources */ = {isa = PBXBuildFile; fileRef = 9C605CF9217BD2400000C100 /* HomeViewController.swift */; };
		9C605CFC217BD2A80000C100 /* Home.storyboard in Resources */ = {isa = PBXBuildFile; fileRef = 9C605CFB217BD2A80000C100 /* Home.storyboard */; };
		9C605CFE217BD4DD0000C100 /* GoogleService-Info.plist in Resources */ = {isa = PBXBuildFile; fileRef = 9C605CFD217BD4DB0000C100 /* GoogleService-Info.plist */; };
		9C605D00217BDB660000C100 /* PoolDetail.storyboard in Resources */ = {isa = PBXBuildFile; fileRef = 9C605CFF217BDB660000C100 /* PoolDetail.storyboard */; };
		9C605D02217BDBC40000C100 /* PoolDetailViewController.swift in Sources */ = {isa = PBXBuildFile; fileRef = 9C605D01217BDBC40000C100 /* PoolDetailViewController.swift */; };
		9C605D0A217C05600000C100 /* SearchViewController.swift in Sources */ = {isa = PBXBuildFile; fileRef = 9C605D09217C05600000C100 /* SearchViewController.swift */; };
		9C605D0C217C057D0000C100 /* Search.storyboard in Resources */ = {isa = PBXBuildFile; fileRef = 9C605D0B217C057D0000C100 /* Search.storyboard */; };
		9C605D0E217C09580000C100 /* SettingViewController.swift in Sources */ = {isa = PBXBuildFile; fileRef = 9C605D0D217C09580000C100 /* SettingViewController.swift */; };
		9C605D10217C09750000C100 /* Setting.storyboard in Resources */ = {isa = PBXBuildFile; fileRef = 9C605D0F217C09750000C100 /* Setting.storyboard */; };
		9C605D12217C0BE60000C100 /* PoolCell.xib in Resources */ = {isa = PBXBuildFile; fileRef = 9C605D11217C0BE60000C100 /* PoolCell.xib */; };
		9C605D14217C0BFE0000C100 /* PoolCell.swift in Sources */ = {isa = PBXBuildFile; fileRef = 9C605D13217C0BFE0000C100 /* PoolCell.swift */; };
		9C605D16217C10280000C100 /* Double+Currency.swift in Sources */ = {isa = PBXBuildFile; fileRef = 9C605D15217C10280000C100 /* Double+Currency.swift */; };
		9C605D18217C1AC70000C100 /* UpdateQuantityView.xib in Resources */ = {isa = PBXBuildFile; fileRef = 9C605D17217C1AC70000C100 /* UpdateQuantityView.xib */; };
		9C605D1A217C1CEE0000C100 /* UpdateQuantityView.swift in Sources */ = {isa = PBXBuildFile; fileRef = 9C605D19217C1CEE0000C100 /* UpdateQuantityView.swift */; };
		9C605D1C217C1F010000C100 /* UIView+Nib.swift in Sources */ = {isa = PBXBuildFile; fileRef = 9C605D1B217C1F010000C100 /* UIView+Nib.swift */; };
		9C605D20217C25A30000C100 /* Checkout.storyboard in Resources */ = {isa = PBXBuildFile; fileRef = 9C605D1F217C25A30000C100 /* Checkout.storyboard */; };
		9C605D22217C25C50000C100 /* CheckoutViewController.swift in Sources */ = {isa = PBXBuildFile; fileRef = 9C605D21217C25C50000C100 /* CheckoutViewController.swift */; };
		9C605D24217C2FCF0000C100 /* PaymentCell.xib in Resources */ = {isa = PBXBuildFile; fileRef = 9C605D23217C2FCF0000C100 /* PaymentCell.xib */; };
		9C605D26217C30DD0000C100 /* PaymentCell.swift in Sources */ = {isa = PBXBuildFile; fileRef = 9C605D25217C30DD0000C100 /* PaymentCell.swift */; };
		9C605D28217C3DD20000C100 /* ProductDetailCell.xib in Resources */ = {isa = PBXBuildFile; fileRef = 9C605D27217C3DD20000C100 /* ProductDetailCell.xib */; };
		9C605D2A217C45200000C100 /* ProductDetailCell.swift in Sources */ = {isa = PBXBuildFile; fileRef = 9C605D29217C45200000C100 /* ProductDetailCell.swift */; };
		9C605D2C217C4E280000C100 /* UIColor+Basic.swift in Sources */ = {isa = PBXBuildFile; fileRef = 9C605D2B217C4E280000C100 /* UIColor+Basic.swift */; };
		9CC97CB9217C75950013FDA0 /* Order.storyboard in Resources */ = {isa = PBXBuildFile; fileRef = 9CC97CB8217C75950013FDA0 /* Order.storyboard */; };
		D34106F41ADD8D5529FD2B34 /* Pods_PantryPal_iOS.framework in Frameworks */ = {isa = PBXBuildFile; fileRef = 9C4A494E77B131306C984425 /* Pods_PantryPal_iOS.framework */; };
/* End PBXBuildFile section */

/* Begin PBXContainerItemProxy section */
		9C249E94217BA88E00121E50 /* PBXContainerItemProxy */ = {
			isa = PBXContainerItemProxy;
			containerPortal = 9C249E77217BA88D00121E50 /* Project object */;
			proxyType = 1;
			remoteGlobalIDString = 9C249E7E217BA88D00121E50;
			remoteInfo = "PantryPal-iOS";
		};
		9C249E9F217BA88E00121E50 /* PBXContainerItemProxy */ = {
			isa = PBXContainerItemProxy;
			containerPortal = 9C249E77217BA88D00121E50 /* Project object */;
			proxyType = 1;
			remoteGlobalIDString = 9C249E7E217BA88D00121E50;
			remoteInfo = "PantryPal-iOS";
		};
/* End PBXContainerItemProxy section */

/* Begin PBXFileReference section */
		0C9D72B8253A964D0F5D2D71 /* Pods-PantryPal-iOS.debug.xcconfig */ = {isa = PBXFileReference; includeInIndex = 1; lastKnownFileType = text.xcconfig; name = "Pods-PantryPal-iOS.debug.xcconfig"; path = "Pods/Target Support Files/Pods-PantryPal-iOS/Pods-PantryPal-iOS.debug.xcconfig"; sourceTree = "<group>"; };
		172552AEF40FE4A21E35D0F5 /* Pods-PantryPal-iOSUITests.debug.xcconfig */ = {isa = PBXFileReference; includeInIndex = 1; lastKnownFileType = text.xcconfig; name = "Pods-PantryPal-iOSUITests.debug.xcconfig"; path = "Pods/Target Support Files/Pods-PantryPal-iOSUITests/Pods-PantryPal-iOSUITests.debug.xcconfig"; sourceTree = "<group>"; };
		314AFB4CF49A51B583B5D07C /* Pods-PantryPal-iOS.release.xcconfig */ = {isa = PBXFileReference; includeInIndex = 1; lastKnownFileType = text.xcconfig; name = "Pods-PantryPal-iOS.release.xcconfig"; path = "Pods/Target Support Files/Pods-PantryPal-iOS/Pods-PantryPal-iOS.release.xcconfig"; sourceTree = "<group>"; };
		5BF2D0D584B04A7C5152B36A /* Pods-PantryPal-iOSTests.debug.xcconfig */ = {isa = PBXFileReference; includeInIndex = 1; lastKnownFileType = text.xcconfig; name = "Pods-PantryPal-iOSTests.debug.xcconfig"; path = "Pods/Target Support Files/Pods-PantryPal-iOSTests/Pods-PantryPal-iOSTests.debug.xcconfig"; sourceTree = "<group>"; };
		767FD68C032328854DAAF519 /* Pods-PantryPal-iOSUITests.release.xcconfig */ = {isa = PBXFileReference; includeInIndex = 1; lastKnownFileType = text.xcconfig; name = "Pods-PantryPal-iOSUITests.release.xcconfig"; path = "Pods/Target Support Files/Pods-PantryPal-iOSUITests/Pods-PantryPal-iOSUITests.release.xcconfig"; sourceTree = "<group>"; };
		9C249E7F217BA88D00121E50 /* PantryPal-iOS.app */ = {isa = PBXFileReference; explicitFileType = wrapper.application; includeInIndex = 0; path = "PantryPal-iOS.app"; sourceTree = BUILT_PRODUCTS_DIR; };
		9C249E82217BA88D00121E50 /* AppDelegate.swift */ = {isa = PBXFileReference; lastKnownFileType = sourcecode.swift; path = AppDelegate.swift; sourceTree = "<group>"; };
		9C249E84217BA88D00121E50 /* MainViewController.swift */ = {isa = PBXFileReference; lastKnownFileType = sourcecode.swift; path = MainViewController.swift; sourceTree = "<group>"; };
		9C249E87217BA88D00121E50 /* Base */ = {isa = PBXFileReference; lastKnownFileType = file.storyboard; name = Base; path = Base.lproj/Main.storyboard; sourceTree = "<group>"; };
		9C249E89217BA88E00121E50 /* Assets.xcassets */ = {isa = PBXFileReference; lastKnownFileType = folder.assetcatalog; path = Assets.xcassets; sourceTree = "<group>"; };
		9C249E8C217BA88E00121E50 /* Base */ = {isa = PBXFileReference; lastKnownFileType = file.storyboard; name = Base; path = Base.lproj/LaunchScreen.storyboard; sourceTree = "<group>"; };
		9C249E8E217BA88E00121E50 /* Info.plist */ = {isa = PBXFileReference; lastKnownFileType = text.plist.xml; path = Info.plist; sourceTree = "<group>"; };
		9C249E93217BA88E00121E50 /* PantryPal-iOSTests.xctest */ = {isa = PBXFileReference; explicitFileType = wrapper.cfbundle; includeInIndex = 0; path = "PantryPal-iOSTests.xctest"; sourceTree = BUILT_PRODUCTS_DIR; };
		9C249E97217BA88E00121E50 /* PantryPal_iOSTests.swift */ = {isa = PBXFileReference; lastKnownFileType = sourcecode.swift; path = PantryPal_iOSTests.swift; sourceTree = "<group>"; };
		9C249E99217BA88E00121E50 /* Info.plist */ = {isa = PBXFileReference; lastKnownFileType = text.plist.xml; path = Info.plist; sourceTree = "<group>"; };
		9C249E9E217BA88E00121E50 /* PantryPal-iOSUITests.xctest */ = {isa = PBXFileReference; explicitFileType = wrapper.cfbundle; includeInIndex = 0; path = "PantryPal-iOSUITests.xctest"; sourceTree = BUILT_PRODUCTS_DIR; };
		9C249EA2217BA88E00121E50 /* PantryPal_iOSUITests.swift */ = {isa = PBXFileReference; lastKnownFileType = sourcecode.swift; path = PantryPal_iOSUITests.swift; sourceTree = "<group>"; };
		9C249EA4217BA88E00121E50 /* Info.plist */ = {isa = PBXFileReference; lastKnownFileType = text.plist.xml; path = Info.plist; sourceTree = "<group>"; };
		9C249EB4217BAAF200121E50 /* PantryPalApi.swift */ = {isa = PBXFileReference; lastKnownFileType = sourcecode.swift; path = PantryPalApi.swift; sourceTree = "<group>"; };
		9C4A494E77B131306C984425 /* Pods_PantryPal_iOS.framework */ = {isa = PBXFileReference; explicitFileType = wrapper.framework; includeInIndex = 0; path = Pods_PantryPal_iOS.framework; sourceTree = BUILT_PRODUCTS_DIR; };
		9C605CE2217BB0460000C100 /* PoolApi.swift */ = {isa = PBXFileReference; lastKnownFileType = sourcecode.swift; path = PoolApi.swift; sourceTree = "<group>"; };
		9C605CE4217BB0E00000C100 /* Config.swift */ = {isa = PBXFileReference; lastKnownFileType = sourcecode.swift; path = Config.swift; sourceTree = "<group>"; };
		9C605CE6217BB1890000C100 /* PoolResource.swift */ = {isa = PBXFileReference; lastKnownFileType = sourcecode.swift; path = PoolResource.swift; sourceTree = "<group>"; };
		9C605CE9217BB76C0000C100 /* Response+Marshal.swift */ = {isa = PBXFileReference; lastKnownFileType = sourcecode.swift; path = "Response+Marshal.swift"; sourceTree = "<group>"; };
		9C605CEB217BC1E20000C100 /* TierResource.swift */ = {isa = PBXFileReference; lastKnownFileType = sourcecode.swift; path = TierResource.swift; sourceTree = "<group>"; };
		9C605CEF217BC7E20000C100 /* Debouncer.swift */ = {isa = PBXFileReference; lastKnownFileType = sourcecode.swift; path = Debouncer.swift; sourceTree = "<group>"; };
		9C605CF1217BCFCB0000C100 /* UIViewController+Navigate.swift */ = {isa = PBXFileReference; lastKnownFileType = sourcecode.swift; path = "UIViewController+Navigate.swift"; sourceTree = "<group>"; };
		9C605CF3217BD01A0000C100 /* TabViewController.swift */ = {isa = PBXFileReference; lastKnownFileType = sourcecode.swift; path = TabViewController.swift; sourceTree = "<group>"; };
		9C605CF5217BD03C0000C100 /* Tab.storyboard */ = {isa = PBXFileReference; lastKnownFileType = file.storyboard; path = Tab.storyboard; sourceTree = "<group>"; };
		9C605CF7217BD0FE0000C100 /* UIImage+Asset.swift */ = {isa = PBXFileReference; lastKnownFileType = sourcecode.swift; path = "UIImage+Asset.swift"; sourceTree = "<group>"; };
		9C605CF9217BD2400000C100 /* HomeViewController.swift */ = {isa = PBXFileReference; lastKnownFileType = sourcecode.swift; path = HomeViewController.swift; sourceTree = "<group>"; };
		9C605CFB217BD2A80000C100 /* Home.storyboard */ = {isa = PBXFileReference; lastKnownFileType = file.storyboard; path = Home.storyboard; sourceTree = "<group>"; };
		9C605CFD217BD4DB0000C100 /* GoogleService-Info.plist */ = {isa = PBXFileReference; fileEncoding = 4; lastKnownFileType = text.plist.xml; path = "GoogleService-Info.plist"; sourceTree = "<group>"; };
		9C605CFF217BDB660000C100 /* PoolDetail.storyboard */ = {isa = PBXFileReference; lastKnownFileType = file.storyboard; path = PoolDetail.storyboard; sourceTree = "<group>"; };
		9C605D01217BDBC40000C100 /* PoolDetailViewController.swift */ = {isa = PBXFileReference; lastKnownFileType = sourcecode.swift; path = PoolDetailViewController.swift; sourceTree = "<group>"; };
		9C605D09217C05600000C100 /* SearchViewController.swift */ = {isa = PBXFileReference; lastKnownFileType = sourcecode.swift; path = SearchViewController.swift; sourceTree = "<group>"; };
		9C605D0B217C057D0000C100 /* Search.storyboard */ = {isa = PBXFileReference; lastKnownFileType = file.storyboard; path = Search.storyboard; sourceTree = "<group>"; };
		9C605D0D217C09580000C100 /* SettingViewController.swift */ = {isa = PBXFileReference; lastKnownFileType = sourcecode.swift; path = SettingViewController.swift; sourceTree = "<group>"; };
		9C605D0F217C09750000C100 /* Setting.storyboard */ = {isa = PBXFileReference; lastKnownFileType = file.storyboard; path = Setting.storyboard; sourceTree = "<group>"; };
		9C605D11217C0BE60000C100 /* PoolCell.xib */ = {isa = PBXFileReference; lastKnownFileType = file.xib; path = PoolCell.xib; sourceTree = "<group>"; };
		9C605D13217C0BFE0000C100 /* PoolCell.swift */ = {isa = PBXFileReference; lastKnownFileType = sourcecode.swift; path = PoolCell.swift; sourceTree = "<group>"; };
		9C605D15217C10280000C100 /* Double+Currency.swift */ = {isa = PBXFileReference; lastKnownFileType = sourcecode.swift; path = "Double+Currency.swift"; sourceTree = "<group>"; };
		9C605D17217C1AC70000C100 /* UpdateQuantityView.xib */ = {isa = PBXFileReference; lastKnownFileType = file.xib; path = UpdateQuantityView.xib; sourceTree = "<group>"; };
		9C605D19217C1CEE0000C100 /* UpdateQuantityView.swift */ = {isa = PBXFileReference; lastKnownFileType = sourcecode.swift; path = UpdateQuantityView.swift; sourceTree = "<group>"; };
		9C605D1B217C1F010000C100 /* UIView+Nib.swift */ = {isa = PBXFileReference; lastKnownFileType = sourcecode.swift; path = "UIView+Nib.swift"; sourceTree = "<group>"; };
		9C605D1F217C25A30000C100 /* Checkout.storyboard */ = {isa = PBXFileReference; lastKnownFileType = file.storyboard; path = Checkout.storyboard; sourceTree = "<group>"; };
		9C605D21217C25C50000C100 /* CheckoutViewController.swift */ = {isa = PBXFileReference; lastKnownFileType = sourcecode.swift; path = CheckoutViewController.swift; sourceTree = "<group>"; };
		9C605D23217C2FCF0000C100 /* PaymentCell.xib */ = {isa = PBXFileReference; lastKnownFileType = file.xib; path = PaymentCell.xib; sourceTree = "<group>"; };
		9C605D25217C30DD0000C100 /* PaymentCell.swift */ = {isa = PBXFileReference; lastKnownFileType = sourcecode.swift; path = PaymentCell.swift; sourceTree = "<group>"; };
		9C605D27217C3DD20000C100 /* ProductDetailCell.xib */ = {isa = PBXFileReference; lastKnownFileType = file.xib; path = ProductDetailCell.xib; sourceTree = "<group>"; };
		9C605D29217C45200000C100 /* ProductDetailCell.swift */ = {isa = PBXFileReference; lastKnownFileType = sourcecode.swift; path = ProductDetailCell.swift; sourceTree = "<group>"; };
		9C605D2B217C4E280000C100 /* UIColor+Basic.swift */ = {isa = PBXFileReference; lastKnownFileType = sourcecode.swift; path = "UIColor+Basic.swift"; sourceTree = "<group>"; };
		9CC97CB8217C75950013FDA0 /* Order.storyboard */ = {isa = PBXFileReference; lastKnownFileType = file.storyboard; path = Order.storyboard; sourceTree = "<group>"; };
		AAEA73141911CBF70A982D9C /* Pods_PantryPal_iOSUITests.framework */ = {isa = PBXFileReference; explicitFileType = wrapper.framework; includeInIndex = 0; path = Pods_PantryPal_iOSUITests.framework; sourceTree = BUILT_PRODUCTS_DIR; };
		D23F568A88D0D079B58DC933 /* Pods_PantryPal_iOSTests.framework */ = {isa = PBXFileReference; explicitFileType = wrapper.framework; includeInIndex = 0; path = Pods_PantryPal_iOSTests.framework; sourceTree = BUILT_PRODUCTS_DIR; };
		E73704F0551A8B4B01773501 /* Pods-PantryPal-iOSTests.release.xcconfig */ = {isa = PBXFileReference; includeInIndex = 1; lastKnownFileType = text.xcconfig; name = "Pods-PantryPal-iOSTests.release.xcconfig"; path = "Pods/Target Support Files/Pods-PantryPal-iOSTests/Pods-PantryPal-iOSTests.release.xcconfig"; sourceTree = "<group>"; };
/* End PBXFileReference section */

/* Begin PBXFrameworksBuildPhase section */
		9C249E7C217BA88D00121E50 /* Frameworks */ = {
			isa = PBXFrameworksBuildPhase;
			buildActionMask = 2147483647;
			files = (
				D34106F41ADD8D5529FD2B34 /* Pods_PantryPal_iOS.framework in Frameworks */,
			);
			runOnlyForDeploymentPostprocessing = 0;
		};
		9C249E90217BA88E00121E50 /* Frameworks */ = {
			isa = PBXFrameworksBuildPhase;
			buildActionMask = 2147483647;
			files = (
				6344AC017992C61C05B78126 /* Pods_PantryPal_iOSTests.framework in Frameworks */,
			);
			runOnlyForDeploymentPostprocessing = 0;
		};
		9C249E9B217BA88E00121E50 /* Frameworks */ = {
			isa = PBXFrameworksBuildPhase;
			buildActionMask = 2147483647;
			files = (
				1E1C22F69BAB84413E853590 /* Pods_PantryPal_iOSUITests.framework in Frameworks */,
			);
			runOnlyForDeploymentPostprocessing = 0;
		};
/* End PBXFrameworksBuildPhase section */

/* Begin PBXGroup section */
		09858D28F14ACD0D8B7F3A6B /* Frameworks */ = {
			isa = PBXGroup;
			children = (
				9C4A494E77B131306C984425 /* Pods_PantryPal_iOS.framework */,
				D23F568A88D0D079B58DC933 /* Pods_PantryPal_iOSTests.framework */,
				AAEA73141911CBF70A982D9C /* Pods_PantryPal_iOSUITests.framework */,
			);
			name = Frameworks;
			sourceTree = "<group>";
		};
		9C249E76217BA88D00121E50 = {
			isa = PBXGroup;
			children = (
				9C249E81217BA88D00121E50 /* PantryPal-iOS */,
				9C249E96217BA88E00121E50 /* PantryPal-iOSTests */,
				9C249EA1217BA88E00121E50 /* PantryPal-iOSUITests */,
				9C249E80217BA88D00121E50 /* Products */,
				FA0666635BA62462C66645AA /* Pods */,
				09858D28F14ACD0D8B7F3A6B /* Frameworks */,
			);
			sourceTree = "<group>";
		};
		9C249E80217BA88D00121E50 /* Products */ = {
			isa = PBXGroup;
			children = (
				9C249E7F217BA88D00121E50 /* PantryPal-iOS.app */,
				9C249E93217BA88E00121E50 /* PantryPal-iOSTests.xctest */,
				9C249E9E217BA88E00121E50 /* PantryPal-iOSUITests.xctest */,
			);
			name = Products;
			sourceTree = "<group>";
		};
		9C249E81217BA88D00121E50 /* PantryPal-iOS */ = {
			isa = PBXGroup;
			children = (
				9C605CFD217BD4DB0000C100 /* GoogleService-Info.plist */,
				9C605CEE217BC7D20000C100 /* Helpers */,
				9C605CED217BC46D0000C100 /* Controllers */,
				9C605CE8217BB74D0000C100 /* Extensions */,
				9C249EB3217BAAE000121E50 /* Resources */,
				9C249EB2217BAABC00121E50 /* APIs */,
				9C249EB1217BAAB800121E50 /* Managers */,
				9C249EB0217BAAA900121E50 /* Views */,
				9C249E82217BA88D00121E50 /* AppDelegate.swift */,
				9C249E89217BA88E00121E50 /* Assets.xcassets */,
				9C249E8B217BA88E00121E50 /* LaunchScreen.storyboard */,
				9C249E8E217BA88E00121E50 /* Info.plist */,
				9C605CE4217BB0E00000C100 /* Config.swift */,
			);
			path = "PantryPal-iOS";
			sourceTree = "<group>";
		};
		9C249E96217BA88E00121E50 /* PantryPal-iOSTests */ = {
			isa = PBXGroup;
			children = (
				9C249E97217BA88E00121E50 /* PantryPal_iOSTests.swift */,
				9C249E99217BA88E00121E50 /* Info.plist */,
			);
			path = "PantryPal-iOSTests";
			sourceTree = "<group>";
		};
		9C249EA1217BA88E00121E50 /* PantryPal-iOSUITests */ = {
			isa = PBXGroup;
			children = (
				9C249EA2217BA88E00121E50 /* PantryPal_iOSUITests.swift */,
				9C249EA4217BA88E00121E50 /* Info.plist */,
			);
			path = "PantryPal-iOSUITests";
			sourceTree = "<group>";
		};
		9C249EB0217BAAA900121E50 /* Views */ = {
			isa = PBXGroup;
			children = (
				9C605CFB217BD2A80000C100 /* Home.storyboard */,
				9CC97CB8217C75950013FDA0 /* Order.storyboard */,
				9C605D23217C2FCF0000C100 /* PaymentCell.xib */,
				9C249E86217BA88D00121E50 /* Main.storyboard */,
				9C605D11217C0BE60000C100 /* PoolCell.xib */,
				9C605CFF217BDB660000C100 /* PoolDetail.storyboard */,
				9C605D27217C3DD20000C100 /* ProductDetailCell.xib */,
				9C605D0B217C057D0000C100 /* Search.storyboard */,
				9C605D0F217C09750000C100 /* Setting.storyboard */,
				9C605CF5217BD03C0000C100 /* Tab.storyboard */,
				9C605D17217C1AC70000C100 /* UpdateQuantityView.xib */,
				9C605D1F217C25A30000C100 /* Checkout.storyboard */,
			);
			path = Views;
			sourceTree = "<group>";
		};
		9C249EB1217BAAB800121E50 /* Managers */ = {
			isa = PBXGroup;
			children = (
			);
			path = Managers;
			sourceTree = "<group>";
		};
		9C249EB2217BAABC00121E50 /* APIs */ = {
			isa = PBXGroup;
			children = (
				9C249EB4217BAAF200121E50 /* PantryPalApi.swift */,
				9C605CE2217BB0460000C100 /* PoolApi.swift */,
			);
			path = APIs;
			sourceTree = "<group>";
		};
		9C249EB3217BAAE000121E50 /* Resources */ = {
			isa = PBXGroup;
			children = (
				9C605CE6217BB1890000C100 /* PoolResource.swift */,
				9C605CEB217BC1E20000C100 /* TierResource.swift */,
			);
			path = Resources;
			sourceTree = "<group>";
		};
		9C605CE8217BB74D0000C100 /* Extensions */ = {
			isa = PBXGroup;
			children = (
				9C605CE9217BB76C0000C100 /* Response+Marshal.swift */,
				9C605D2B217C4E280000C100 /* UIColor+Basic.swift */,
				9C605D1B217C1F010000C100 /* UIView+Nib.swift */,
				9C605D15217C10280000C100 /* Double+Currency.swift */,
				9C605CF7217BD0FE0000C100 /* UIImage+Asset.swift */,
				9C605CF1217BCFCB0000C100 /* UIViewController+Navigate.swift */,
			);
			path = Extensions;
			sourceTree = "<group>";
		};
		9C605CED217BC46D0000C100 /* Controllers */ = {
			isa = PBXGroup;
			children = (
				9C605CF9217BD2400000C100 /* HomeViewController.swift */,
				9C605D25217C30DD0000C100 /* PaymentCell.swift */,
				9C605D21217C25C50000C100 /* CheckoutViewController.swift */,
				9C249E84217BA88D00121E50 /* MainViewController.swift */,
				9C605D13217C0BFE0000C100 /* PoolCell.swift */,
				9C605D01217BDBC40000C100 /* PoolDetailViewController.swift */,
				9C605D29217C45200000C100 /* ProductDetailCell.swift */,
				9C605D09217C05600000C100 /* SearchViewController.swift */,
				9C605D0D217C09580000C100 /* SettingViewController.swift */,
				9C605CF3217BD01A0000C100 /* TabViewController.swift */,
				9C605D19217C1CEE0000C100 /* UpdateQuantityView.swift */,
			);
			path = Controllers;
			sourceTree = "<group>";
		};
		9C605CEE217BC7D20000C100 /* Helpers */ = {
			isa = PBXGroup;
			children = (
				9C605CEF217BC7E20000C100 /* Debouncer.swift */,
			);
			path = Helpers;
			sourceTree = "<group>";
		};
		FA0666635BA62462C66645AA /* Pods */ = {
			isa = PBXGroup;
			children = (
				0C9D72B8253A964D0F5D2D71 /* Pods-PantryPal-iOS.debug.xcconfig */,
				314AFB4CF49A51B583B5D07C /* Pods-PantryPal-iOS.release.xcconfig */,
				5BF2D0D584B04A7C5152B36A /* Pods-PantryPal-iOSTests.debug.xcconfig */,
				E73704F0551A8B4B01773501 /* Pods-PantryPal-iOSTests.release.xcconfig */,
				172552AEF40FE4A21E35D0F5 /* Pods-PantryPal-iOSUITests.debug.xcconfig */,
				767FD68C032328854DAAF519 /* Pods-PantryPal-iOSUITests.release.xcconfig */,
			);
			name = Pods;
			sourceTree = "<group>";
		};
/* End PBXGroup section */

/* Begin PBXNativeTarget section */
		9C249E7E217BA88D00121E50 /* PantryPal-iOS */ = {
			isa = PBXNativeTarget;
			buildConfigurationList = 9C249EA7217BA88E00121E50 /* Build configuration list for PBXNativeTarget "PantryPal-iOS" */;
			buildPhases = (
				14FB5BD33D785B96C768B057 /* [CP] Check Pods Manifest.lock */,
				9C249E7B217BA88D00121E50 /* Sources */,
				9C249E7C217BA88D00121E50 /* Frameworks */,
				9C249E7D217BA88D00121E50 /* Resources */,
				6C76C70880122022408CAA81 /* [CP] Embed Pods Frameworks */,
			);
			buildRules = (
			);
			dependencies = (
			);
			name = "PantryPal-iOS";
			productName = "PantryPal-iOS";
			productReference = 9C249E7F217BA88D00121E50 /* PantryPal-iOS.app */;
			productType = "com.apple.product-type.application";
		};
		9C249E92217BA88E00121E50 /* PantryPal-iOSTests */ = {
			isa = PBXNativeTarget;
			buildConfigurationList = 9C249EAA217BA88E00121E50 /* Build configuration list for PBXNativeTarget "PantryPal-iOSTests" */;
			buildPhases = (
				5A5A560BDFDD937FBFF751C2 /* [CP] Check Pods Manifest.lock */,
				9C249E8F217BA88E00121E50 /* Sources */,
				9C249E90217BA88E00121E50 /* Frameworks */,
				9C249E91217BA88E00121E50 /* Resources */,
			);
			buildRules = (
			);
			dependencies = (
				9C249E95217BA88E00121E50 /* PBXTargetDependency */,
			);
			name = "PantryPal-iOSTests";
			productName = "PantryPal-iOSTests";
			productReference = 9C249E93217BA88E00121E50 /* PantryPal-iOSTests.xctest */;
			productType = "com.apple.product-type.bundle.unit-test";
		};
		9C249E9D217BA88E00121E50 /* PantryPal-iOSUITests */ = {
			isa = PBXNativeTarget;
			buildConfigurationList = 9C249EAD217BA88E00121E50 /* Build configuration list for PBXNativeTarget "PantryPal-iOSUITests" */;
			buildPhases = (
				09F653BBDBDA7FEC253FE618 /* [CP] Check Pods Manifest.lock */,
				9C249E9A217BA88E00121E50 /* Sources */,
				9C249E9B217BA88E00121E50 /* Frameworks */,
				9C249E9C217BA88E00121E50 /* Resources */,
			);
			buildRules = (
			);
			dependencies = (
				9C249EA0217BA88E00121E50 /* PBXTargetDependency */,
			);
			name = "PantryPal-iOSUITests";
			productName = "PantryPal-iOSUITests";
			productReference = 9C249E9E217BA88E00121E50 /* PantryPal-iOSUITests.xctest */;
			productType = "com.apple.product-type.bundle.ui-testing";
		};
/* End PBXNativeTarget section */

/* Begin PBXProject section */
		9C249E77217BA88D00121E50 /* Project object */ = {
			isa = PBXProject;
			attributes = {
				LastSwiftUpdateCheck = 1000;
				LastUpgradeCheck = 1000;
				ORGANIZATIONNAME = "Karen Ho";
				TargetAttributes = {
					9C249E7E217BA88D00121E50 = {
						CreatedOnToolsVersion = 10.0;
					};
					9C249E92217BA88E00121E50 = {
						CreatedOnToolsVersion = 10.0;
						TestTargetID = 9C249E7E217BA88D00121E50;
					};
					9C249E9D217BA88E00121E50 = {
						CreatedOnToolsVersion = 10.0;
						TestTargetID = 9C249E7E217BA88D00121E50;
					};
				};
			};
			buildConfigurationList = 9C249E7A217BA88D00121E50 /* Build configuration list for PBXProject "PantryPal-iOS" */;
			compatibilityVersion = "Xcode 9.3";
			developmentRegion = en;
			hasScannedForEncodings = 0;
			knownRegions = (
				en,
				Base,
			);
			mainGroup = 9C249E76217BA88D00121E50;
			productRefGroup = 9C249E80217BA88D00121E50 /* Products */;
			projectDirPath = "";
			projectRoot = "";
			targets = (
				9C249E7E217BA88D00121E50 /* PantryPal-iOS */,
				9C249E92217BA88E00121E50 /* PantryPal-iOSTests */,
				9C249E9D217BA88E00121E50 /* PantryPal-iOSUITests */,
			);
		};
/* End PBXProject section */

/* Begin PBXResourcesBuildPhase section */
		9C249E7D217BA88D00121E50 /* Resources */ = {
			isa = PBXResourcesBuildPhase;
			buildActionMask = 2147483647;
			files = (
				9C605CF6217BD03C0000C100 /* Tab.storyboard in Resources */,
				9C605CFC217BD2A80000C100 /* Home.storyboard in Resources */,
				9C249E8D217BA88E00121E50 /* LaunchScreen.storyboard in Resources */,
				9C249E8A217BA88E00121E50 /* Assets.xcassets in Resources */,
				9C605D20217C25A30000C100 /* Checkout.storyboard in Resources */,
				9CC97CB9217C75950013FDA0 /* Order.storyboard in Resources */,
				9C605D24217C2FCF0000C100 /* PaymentCell.xib in Resources */,
				9C249E88217BA88D00121E50 /* Main.storyboard in Resources */,
				9C605D12217C0BE60000C100 /* PoolCell.xib in Resources */,
				9C605D10217C09750000C100 /* Setting.storyboard in Resources */,
				9C605D18217C1AC70000C100 /* UpdateQuantityView.xib in Resources */,
				9C605D28217C3DD20000C100 /* ProductDetailCell.xib in Resources */,
				9C605D00217BDB660000C100 /* PoolDetail.storyboard in Resources */,
				9C605D0C217C057D0000C100 /* Search.storyboard in Resources */,
				9C605CFE217BD4DD0000C100 /* GoogleService-Info.plist in Resources */,
			);
			runOnlyForDeploymentPostprocessing = 0;
		};
		9C249E91217BA88E00121E50 /* Resources */ = {
			isa = PBXResourcesBuildPhase;
			buildActionMask = 2147483647;
			files = (
			);
			runOnlyForDeploymentPostprocessing = 0;
		};
		9C249E9C217BA88E00121E50 /* Resources */ = {
			isa = PBXResourcesBuildPhase;
			buildActionMask = 2147483647;
			files = (
			);
			runOnlyForDeploymentPostprocessing = 0;
		};
/* End PBXResourcesBuildPhase section */

/* Begin PBXShellScriptBuildPhase section */
		09F653BBDBDA7FEC253FE618 /* [CP] Check Pods Manifest.lock */ = {
			isa = PBXShellScriptBuildPhase;
			buildActionMask = 2147483647;
			files = (
			);
			inputPaths = (
				"${PODS_PODFILE_DIR_PATH}/Podfile.lock",
				"${PODS_ROOT}/Manifest.lock",
			);
			name = "[CP] Check Pods Manifest.lock";
			outputPaths = (
				"$(DERIVED_FILE_DIR)/Pods-PantryPal-iOSUITests-checkManifestLockResult.txt",
			);
			runOnlyForDeploymentPostprocessing = 0;
			shellPath = /bin/sh;
			shellScript = "diff \"${PODS_PODFILE_DIR_PATH}/Podfile.lock\" \"${PODS_ROOT}/Manifest.lock\" > /dev/null\nif [ $? != 0 ] ; then\n    # print error to STDERR\n    echo \"error: The sandbox is not in sync with the Podfile.lock. Run 'pod install' or update your CocoaPods installation.\" >&2\n    exit 1\nfi\n# This output is used by Xcode 'outputs' to avoid re-running this script phase.\necho \"SUCCESS\" > \"${SCRIPT_OUTPUT_FILE_0}\"\n";
			showEnvVarsInLog = 0;
		};
		14FB5BD33D785B96C768B057 /* [CP] Check Pods Manifest.lock */ = {
			isa = PBXShellScriptBuildPhase;
			buildActionMask = 2147483647;
			files = (
			);
			inputPaths = (
				"${PODS_PODFILE_DIR_PATH}/Podfile.lock",
				"${PODS_ROOT}/Manifest.lock",
			);
			name = "[CP] Check Pods Manifest.lock";
			outputPaths = (
				"$(DERIVED_FILE_DIR)/Pods-PantryPal-iOS-checkManifestLockResult.txt",
			);
			runOnlyForDeploymentPostprocessing = 0;
			shellPath = /bin/sh;
			shellScript = "diff \"${PODS_PODFILE_DIR_PATH}/Podfile.lock\" \"${PODS_ROOT}/Manifest.lock\" > /dev/null\nif [ $? != 0 ] ; then\n    # print error to STDERR\n    echo \"error: The sandbox is not in sync with the Podfile.lock. Run 'pod install' or update your CocoaPods installation.\" >&2\n    exit 1\nfi\n# This output is used by Xcode 'outputs' to avoid re-running this script phase.\necho \"SUCCESS\" > \"${SCRIPT_OUTPUT_FILE_0}\"\n";
			showEnvVarsInLog = 0;
		};
		5A5A560BDFDD937FBFF751C2 /* [CP] Check Pods Manifest.lock */ = {
			isa = PBXShellScriptBuildPhase;
			buildActionMask = 2147483647;
			files = (
			);
			inputPaths = (
				"${PODS_PODFILE_DIR_PATH}/Podfile.lock",
				"${PODS_ROOT}/Manifest.lock",
			);
			name = "[CP] Check Pods Manifest.lock";
			outputPaths = (
				"$(DERIVED_FILE_DIR)/Pods-PantryPal-iOSTests-checkManifestLockResult.txt",
			);
			runOnlyForDeploymentPostprocessing = 0;
			shellPath = /bin/sh;
			shellScript = "diff \"${PODS_PODFILE_DIR_PATH}/Podfile.lock\" \"${PODS_ROOT}/Manifest.lock\" > /dev/null\nif [ $? != 0 ] ; then\n    # print error to STDERR\n    echo \"error: The sandbox is not in sync with the Podfile.lock. Run 'pod install' or update your CocoaPods installation.\" >&2\n    exit 1\nfi\n# This output is used by Xcode 'outputs' to avoid re-running this script phase.\necho \"SUCCESS\" > \"${SCRIPT_OUTPUT_FILE_0}\"\n";
			showEnvVarsInLog = 0;
		};
		6C76C70880122022408CAA81 /* [CP] Embed Pods Frameworks */ = {
			isa = PBXShellScriptBuildPhase;
			buildActionMask = 2147483647;
			files = (
			);
			inputPaths = (
				"${SRCROOT}/Pods/Target Support Files/Pods-PantryPal-iOS/Pods-PantryPal-iOS-frameworks.sh",
				"${BUILT_PRODUCTS_DIR}/Alamofire/Alamofire.framework",
				"${BUILT_PRODUCTS_DIR}/Kingfisher/Kingfisher.framework",
				"${BUILT_PRODUCTS_DIR}/Marshal/Marshal.framework",
				"${BUILT_PRODUCTS_DIR}/Moya/Moya.framework",
				"${BUILT_PRODUCTS_DIR}/Realm/Realm.framework",
				"${BUILT_PRODUCTS_DIR}/RealmSwift/RealmSwift.framework",
				"${BUILT_PRODUCTS_DIR}/Result/Result.framework",
			);
			name = "[CP] Embed Pods Frameworks";
			outputPaths = (
				"${TARGET_BUILD_DIR}/${FRAMEWORKS_FOLDER_PATH}/Alamofire.framework",
				"${TARGET_BUILD_DIR}/${FRAMEWORKS_FOLDER_PATH}/Kingfisher.framework",
				"${TARGET_BUILD_DIR}/${FRAMEWORKS_FOLDER_PATH}/Marshal.framework",
				"${TARGET_BUILD_DIR}/${FRAMEWORKS_FOLDER_PATH}/Moya.framework",
				"${TARGET_BUILD_DIR}/${FRAMEWORKS_FOLDER_PATH}/Realm.framework",
				"${TARGET_BUILD_DIR}/${FRAMEWORKS_FOLDER_PATH}/RealmSwift.framework",
				"${TARGET_BUILD_DIR}/${FRAMEWORKS_FOLDER_PATH}/Result.framework",
			);
			runOnlyForDeploymentPostprocessing = 0;
			shellPath = /bin/sh;
			shellScript = "\"${SRCROOT}/Pods/Target Support Files/Pods-PantryPal-iOS/Pods-PantryPal-iOS-frameworks.sh\"\n";
			showEnvVarsInLog = 0;
		};
/* End PBXShellScriptBuildPhase section */

/* Begin PBXSourcesBuildPhase section */
		9C249E7B217BA88D00121E50 /* Sources */ = {
			isa = PBXSourcesBuildPhase;
			buildActionMask = 2147483647;
			files = (
				9C605D0A217C05600000C100 /* SearchViewController.swift in Sources */,
				9C605D1A217C1CEE0000C100 /* UpdateQuantityView.swift in Sources */,
				9C605CE3217BB0460000C100 /* PoolApi.swift in Sources */,
				9C605CEC217BC1E20000C100 /* TierResource.swift in Sources */,
				9C605D16217C10280000C100 /* Double+Currency.swift in Sources */,
				9C605D0E217C09580000C100 /* SettingViewController.swift in Sources */,
				9C605D26217C30DD0000C100 /* PaymentCell.swift in Sources */,
				9C605CF8217BD0FE0000C100 /* UIImage+Asset.swift in Sources */,
				9C605D2C217C4E280000C100 /* UIColor+Basic.swift in Sources */,
				9C605D02217BDBC40000C100 /* PoolDetailViewController.swift in Sources */,
				9C605D1C217C1F010000C100 /* UIView+Nib.swift in Sources */,
				9C605CF0217BC7E20000C100 /* Debouncer.swift in Sources */,
				9C249E85217BA88D00121E50 /* MainViewController.swift in Sources */,
				9C605CE5217BB0E00000C100 /* Config.swift in Sources */,
				9C605CF2217BCFCB0000C100 /* UIViewController+Navigate.swift in Sources */,
				9C605D22217C25C50000C100 /* CheckoutViewController.swift in Sources */,
				9C605D2A217C45200000C100 /* ProductDetailCell.swift in Sources */,
				9C605CF4217BD01A0000C100 /* TabViewController.swift in Sources */,
				9C605CEA217BB76C0000C100 /* Response+Marshal.swift in Sources */,
				9C249E83217BA88D00121E50 /* AppDelegate.swift in Sources */,
				9C605D14217C0BFE0000C100 /* PoolCell.swift in Sources */,
				9C249EB5217BAAF200121E50 /* PantryPalApi.swift in Sources */,
				9C605CFA217BD2400000C100 /* HomeViewController.swift in Sources */,
				9C605CE7217BB1890000C100 /* PoolResource.swift in Sources */,
			);
			runOnlyForDeploymentPostprocessing = 0;
		};
		9C249E8F217BA88E00121E50 /* Sources */ = {
			isa = PBXSourcesBuildPhase;
			buildActionMask = 2147483647;
			files = (
				9C249E98217BA88E00121E50 /* PantryPal_iOSTests.swift in Sources */,
			);
			runOnlyForDeploymentPostprocessing = 0;
		};
		9C249E9A217BA88E00121E50 /* Sources */ = {
			isa = PBXSourcesBuildPhase;
			buildActionMask = 2147483647;
			files = (
				9C249EA3217BA88E00121E50 /* PantryPal_iOSUITests.swift in Sources */,
			);
			runOnlyForDeploymentPostprocessing = 0;
		};
/* End PBXSourcesBuildPhase section */

/* Begin PBXTargetDependency section */
		9C249E95217BA88E00121E50 /* PBXTargetDependency */ = {
			isa = PBXTargetDependency;
			target = 9C249E7E217BA88D00121E50 /* PantryPal-iOS */;
			targetProxy = 9C249E94217BA88E00121E50 /* PBXContainerItemProxy */;
		};
		9C249EA0217BA88E00121E50 /* PBXTargetDependency */ = {
			isa = PBXTargetDependency;
			target = 9C249E7E217BA88D00121E50 /* PantryPal-iOS */;
			targetProxy = 9C249E9F217BA88E00121E50 /* PBXContainerItemProxy */;
		};
/* End PBXTargetDependency section */

/* Begin PBXVariantGroup section */
		9C249E86217BA88D00121E50 /* Main.storyboard */ = {
			isa = PBXVariantGroup;
			children = (
				9C249E87217BA88D00121E50 /* Base */,
			);
			name = Main.storyboard;
			sourceTree = "<group>";
		};
		9C249E8B217BA88E00121E50 /* LaunchScreen.storyboard */ = {
			isa = PBXVariantGroup;
			children = (
				9C249E8C217BA88E00121E50 /* Base */,
			);
			name = LaunchScreen.storyboard;
			sourceTree = "<group>";
		};
/* End PBXVariantGroup section */

/* Begin XCBuildConfiguration section */
		9C249EA5217BA88E00121E50 /* Debug */ = {
			isa = XCBuildConfiguration;
			buildSettings = {
				ALWAYS_SEARCH_USER_PATHS = NO;
				CLANG_ANALYZER_NONNULL = YES;
				CLANG_ANALYZER_NUMBER_OBJECT_CONVERSION = YES_AGGRESSIVE;
				CLANG_CXX_LANGUAGE_STANDARD = "gnu++14";
				CLANG_CXX_LIBRARY = "libc++";
				CLANG_ENABLE_MODULES = YES;
				CLANG_ENABLE_OBJC_ARC = YES;
				CLANG_ENABLE_OBJC_WEAK = YES;
				CLANG_WARN_BLOCK_CAPTURE_AUTORELEASING = YES;
				CLANG_WARN_BOOL_CONVERSION = YES;
				CLANG_WARN_COMMA = YES;
				CLANG_WARN_CONSTANT_CONVERSION = YES;
				CLANG_WARN_DEPRECATED_OBJC_IMPLEMENTATIONS = YES;
				CLANG_WARN_DIRECT_OBJC_ISA_USAGE = YES_ERROR;
				CLANG_WARN_DOCUMENTATION_COMMENTS = YES;
				CLANG_WARN_EMPTY_BODY = YES;
				CLANG_WARN_ENUM_CONVERSION = YES;
				CLANG_WARN_INFINITE_RECURSION = YES;
				CLANG_WARN_INT_CONVERSION = YES;
				CLANG_WARN_NON_LITERAL_NULL_CONVERSION = YES;
				CLANG_WARN_OBJC_IMPLICIT_RETAIN_SELF = YES;
				CLANG_WARN_OBJC_LITERAL_CONVERSION = YES;
				CLANG_WARN_OBJC_ROOT_CLASS = YES_ERROR;
				CLANG_WARN_RANGE_LOOP_ANALYSIS = YES;
				CLANG_WARN_STRICT_PROTOTYPES = YES;
				CLANG_WARN_SUSPICIOUS_MOVE = YES;
				CLANG_WARN_UNGUARDED_AVAILABILITY = YES_AGGRESSIVE;
				CLANG_WARN_UNREACHABLE_CODE = YES;
				CLANG_WARN__DUPLICATE_METHOD_MATCH = YES;
				CODE_SIGN_IDENTITY = "iPhone Developer";
				COPY_PHASE_STRIP = NO;
				DEBUG_INFORMATION_FORMAT = dwarf;
				ENABLE_STRICT_OBJC_MSGSEND = YES;
				ENABLE_TESTABILITY = YES;
				GCC_C_LANGUAGE_STANDARD = gnu11;
				GCC_DYNAMIC_NO_PIC = NO;
				GCC_NO_COMMON_BLOCKS = YES;
				GCC_OPTIMIZATION_LEVEL = 0;
				GCC_PREPROCESSOR_DEFINITIONS = (
					"DEBUG=1",
					"$(inherited)",
				);
				GCC_WARN_64_TO_32_BIT_CONVERSION = YES;
				GCC_WARN_ABOUT_RETURN_TYPE = YES_ERROR;
				GCC_WARN_UNDECLARED_SELECTOR = YES;
				GCC_WARN_UNINITIALIZED_AUTOS = YES_AGGRESSIVE;
				GCC_WARN_UNUSED_FUNCTION = YES;
				GCC_WARN_UNUSED_VARIABLE = YES;
				IPHONEOS_DEPLOYMENT_TARGET = 12.0;
				MTL_ENABLE_DEBUG_INFO = INCLUDE_SOURCE;
				MTL_FAST_MATH = YES;
				ONLY_ACTIVE_ARCH = YES;
				SDKROOT = iphoneos;
				SWIFT_ACTIVE_COMPILATION_CONDITIONS = DEBUG;
				SWIFT_OPTIMIZATION_LEVEL = "-Onone";
			};
			name = Debug;
		};
		9C249EA6217BA88E00121E50 /* Release */ = {
			isa = XCBuildConfiguration;
			buildSettings = {
				ALWAYS_SEARCH_USER_PATHS = NO;
				CLANG_ANALYZER_NONNULL = YES;
				CLANG_ANALYZER_NUMBER_OBJECT_CONVERSION = YES_AGGRESSIVE;
				CLANG_CXX_LANGUAGE_STANDARD = "gnu++14";
				CLANG_CXX_LIBRARY = "libc++";
				CLANG_ENABLE_MODULES = YES;
				CLANG_ENABLE_OBJC_ARC = YES;
				CLANG_ENABLE_OBJC_WEAK = YES;
				CLANG_WARN_BLOCK_CAPTURE_AUTORELEASING = YES;
				CLANG_WARN_BOOL_CONVERSION = YES;
				CLANG_WARN_COMMA = YES;
				CLANG_WARN_CONSTANT_CONVERSION = YES;
				CLANG_WARN_DEPRECATED_OBJC_IMPLEMENTATIONS = YES;
				CLANG_WARN_DIRECT_OBJC_ISA_USAGE = YES_ERROR;
				CLANG_WARN_DOCUMENTATION_COMMENTS = YES;
				CLANG_WARN_EMPTY_BODY = YES;
				CLANG_WARN_ENUM_CONVERSION = YES;
				CLANG_WARN_INFINITE_RECURSION = YES;
				CLANG_WARN_INT_CONVERSION = YES;
				CLANG_WARN_NON_LITERAL_NULL_CONVERSION = YES;
				CLANG_WARN_OBJC_IMPLICIT_RETAIN_SELF = YES;
				CLANG_WARN_OBJC_LITERAL_CONVERSION = YES;
				CLANG_WARN_OBJC_ROOT_CLASS = YES_ERROR;
				CLANG_WARN_RANGE_LOOP_ANALYSIS = YES;
				CLANG_WARN_STRICT_PROTOTYPES = YES;
				CLANG_WARN_SUSPICIOUS_MOVE = YES;
				CLANG_WARN_UNGUARDED_AVAILABILITY = YES_AGGRESSIVE;
				CLANG_WARN_UNREACHABLE_CODE = YES;
				CLANG_WARN__DUPLICATE_METHOD_MATCH = YES;
				CODE_SIGN_IDENTITY = "iPhone Developer";
				COPY_PHASE_STRIP = NO;
				DEBUG_INFORMATION_FORMAT = "dwarf-with-dsym";
				ENABLE_NS_ASSERTIONS = NO;
				ENABLE_STRICT_OBJC_MSGSEND = YES;
				GCC_C_LANGUAGE_STANDARD = gnu11;
				GCC_NO_COMMON_BLOCKS = YES;
				GCC_WARN_64_TO_32_BIT_CONVERSION = YES;
				GCC_WARN_ABOUT_RETURN_TYPE = YES_ERROR;
				GCC_WARN_UNDECLARED_SELECTOR = YES;
				GCC_WARN_UNINITIALIZED_AUTOS = YES_AGGRESSIVE;
				GCC_WARN_UNUSED_FUNCTION = YES;
				GCC_WARN_UNUSED_VARIABLE = YES;
				IPHONEOS_DEPLOYMENT_TARGET = 12.0;
				MTL_ENABLE_DEBUG_INFO = NO;
				MTL_FAST_MATH = YES;
				SDKROOT = iphoneos;
				SWIFT_COMPILATION_MODE = wholemodule;
				SWIFT_OPTIMIZATION_LEVEL = "-O";
				VALIDATE_PRODUCT = YES;
			};
			name = Release;
		};
		9C249EA8217BA88E00121E50 /* Debug */ = {
			isa = XCBuildConfiguration;
			baseConfigurationReference = 0C9D72B8253A964D0F5D2D71 /* Pods-PantryPal-iOS.debug.xcconfig */;
			buildSettings = {
				ASSETCATALOG_COMPILER_APPICON_NAME = AppIcon;
				CODE_SIGN_STYLE = Automatic;
				DEVELOPMENT_TEAM = 2J288MX8BX;
				INFOPLIST_FILE = "PantryPal-iOS/Info.plist";
				LD_RUNPATH_SEARCH_PATHS = (
					"$(inherited)",
					"@executable_path/Frameworks",
				);
				PRODUCT_BUNDLE_IDENTIFIER = com.dreamteam.PantryPal;
				PRODUCT_NAME = "$(TARGET_NAME)";
				SWIFT_VERSION = 4.2;
				TARGETED_DEVICE_FAMILY = "1,2";
			};
			name = Debug;
		};
		9C249EA9217BA88E00121E50 /* Release */ = {
			isa = XCBuildConfiguration;
			baseConfigurationReference = 314AFB4CF49A51B583B5D07C /* Pods-PantryPal-iOS.release.xcconfig */;
			buildSettings = {
				ASSETCATALOG_COMPILER_APPICON_NAME = AppIcon;
				CODE_SIGN_STYLE = Automatic;
				DEVELOPMENT_TEAM = 2J288MX8BX;
				INFOPLIST_FILE = "PantryPal-iOS/Info.plist";
				LD_RUNPATH_SEARCH_PATHS = (
					"$(inherited)",
					"@executable_path/Frameworks",
				);
				PRODUCT_BUNDLE_IDENTIFIER = com.dreamteam.PantryPal;
				PRODUCT_NAME = "$(TARGET_NAME)";
				SWIFT_VERSION = 4.2;
				TARGETED_DEVICE_FAMILY = "1,2";
			};
			name = Release;
		};
		9C249EAB217BA88E00121E50 /* Debug */ = {
			isa = XCBuildConfiguration;
			baseConfigurationReference = 5BF2D0D584B04A7C5152B36A /* Pods-PantryPal-iOSTests.debug.xcconfig */;
			buildSettings = {
				ALWAYS_EMBED_SWIFT_STANDARD_LIBRARIES = YES;
				BUNDLE_LOADER = "$(TEST_HOST)";
				CODE_SIGN_STYLE = Automatic;
				INFOPLIST_FILE = "PantryPal-iOSTests/Info.plist";
				LD_RUNPATH_SEARCH_PATHS = (
					"$(inherited)",
					"@executable_path/Frameworks",
					"@loader_path/Frameworks",
				);
				PRODUCT_BUNDLE_IDENTIFIER = "DreamTeam.PantryPal-iOSTests";
				PRODUCT_NAME = "$(TARGET_NAME)";
				SWIFT_VERSION = 4.2;
				TARGETED_DEVICE_FAMILY = "1,2";
				TEST_HOST = "$(BUILT_PRODUCTS_DIR)/PantryPal-iOS.app/PantryPal-iOS";
			};
			name = Debug;
		};
		9C249EAC217BA88E00121E50 /* Release */ = {
			isa = XCBuildConfiguration;
			baseConfigurationReference = E73704F0551A8B4B01773501 /* Pods-PantryPal-iOSTests.release.xcconfig */;
			buildSettings = {
				ALWAYS_EMBED_SWIFT_STANDARD_LIBRARIES = YES;
				BUNDLE_LOADER = "$(TEST_HOST)";
				CODE_SIGN_STYLE = Automatic;
				INFOPLIST_FILE = "PantryPal-iOSTests/Info.plist";
				LD_RUNPATH_SEARCH_PATHS = (
					"$(inherited)",
					"@executable_path/Frameworks",
					"@loader_path/Frameworks",
				);
				PRODUCT_BUNDLE_IDENTIFIER = "DreamTeam.PantryPal-iOSTests";
				PRODUCT_NAME = "$(TARGET_NAME)";
				SWIFT_VERSION = 4.2;
				TARGETED_DEVICE_FAMILY = "1,2";
				TEST_HOST = "$(BUILT_PRODUCTS_DIR)/PantryPal-iOS.app/PantryPal-iOS";
			};
			name = Release;
		};
		9C249EAE217BA88E00121E50 /* Debug */ = {
			isa = XCBuildConfiguration;
			baseConfigurationReference = 172552AEF40FE4A21E35D0F5 /* Pods-PantryPal-iOSUITests.debug.xcconfig */;
			buildSettings = {
				ALWAYS_EMBED_SWIFT_STANDARD_LIBRARIES = YES;
				CODE_SIGN_STYLE = Automatic;
				INFOPLIST_FILE = "PantryPal-iOSUITests/Info.plist";
				LD_RUNPATH_SEARCH_PATHS = (
					"$(inherited)",
					"@executable_path/Frameworks",
					"@loader_path/Frameworks",
				);
				PRODUCT_BUNDLE_IDENTIFIER = "DreamTeam.PantryPal-iOSUITests";
				PRODUCT_NAME = "$(TARGET_NAME)";
				SWIFT_VERSION = 4.2;
				TARGETED_DEVICE_FAMILY = "1,2";
				TEST_TARGET_NAME = "PantryPal-iOS";
			};
			name = Debug;
		};
		9C249EAF217BA88E00121E50 /* Release */ = {
			isa = XCBuildConfiguration;
			baseConfigurationReference = 767FD68C032328854DAAF519 /* Pods-PantryPal-iOSUITests.release.xcconfig */;
			buildSettings = {
				ALWAYS_EMBED_SWIFT_STANDARD_LIBRARIES = YES;
				CODE_SIGN_STYLE = Automatic;
				INFOPLIST_FILE = "PantryPal-iOSUITests/Info.plist";
				LD_RUNPATH_SEARCH_PATHS = (
					"$(inherited)",
					"@executable_path/Frameworks",
					"@loader_path/Frameworks",
				);
				PRODUCT_BUNDLE_IDENTIFIER = "DreamTeam.PantryPal-iOSUITests";
				PRODUCT_NAME = "$(TARGET_NAME)";
				SWIFT_VERSION = 4.2;
				TARGETED_DEVICE_FAMILY = "1,2";
				TEST_TARGET_NAME = "PantryPal-iOS";
			};
			name = Release;
		};
/* End XCBuildConfiguration section */

/* Begin XCConfigurationList section */
		9C249E7A217BA88D00121E50 /* Build configuration list for PBXProject "PantryPal-iOS" */ = {
			isa = XCConfigurationList;
			buildConfigurations = (
				9C249EA5217BA88E00121E50 /* Debug */,
				9C249EA6217BA88E00121E50 /* Release */,
			);
			defaultConfigurationIsVisible = 0;
			defaultConfigurationName = Release;
		};
		9C249EA7217BA88E00121E50 /* Build configuration list for PBXNativeTarget "PantryPal-iOS" */ = {
			isa = XCConfigurationList;
			buildConfigurations = (
				9C249EA8217BA88E00121E50 /* Debug */,
				9C249EA9217BA88E00121E50 /* Release */,
			);
			defaultConfigurationIsVisible = 0;
			defaultConfigurationName = Release;
		};
		9C249EAA217BA88E00121E50 /* Build configuration list for PBXNativeTarget "PantryPal-iOSTests" */ = {
			isa = XCConfigurationList;
			buildConfigurations = (
				9C249EAB217BA88E00121E50 /* Debug */,
				9C249EAC217BA88E00121E50 /* Release */,
			);
			defaultConfigurationIsVisible = 0;
			defaultConfigurationName = Release;
		};
		9C249EAD217BA88E00121E50 /* Build configuration list for PBXNativeTarget "PantryPal-iOSUITests" */ = {
			isa = XCConfigurationList;
			buildConfigurations = (
				9C249EAE217BA88E00121E50 /* Debug */,
				9C249EAF217BA88E00121E50 /* Release */,
			);
			defaultConfigurationIsVisible = 0;
			defaultConfigurationName = Release;
		};
/* End XCConfigurationList section */
	};
	rootObject = 9C249E77217BA88D00121E50 /* Project object */;
}
